// !$*UTF8*$!
{
	archiveVersion = 1;
	classes = {
	};
	objectVersion = 60;
	objects = {

/* Begin PBXBuildFile section */
		CLLM100000000000000000001002 /* CarbocationLocalLLM in Frameworks */ = {isa = PBXBuildFile; productRef = CLLM100000000000000000007001 /* CarbocationLocalLLM */; };
		CLLM100000000000000000001003 /* CarbocationLocalLLMRuntime in Frameworks */ = {isa = PBXBuildFile; productRef = CLLM100000000000000000007002 /* CarbocationLocalLLMRuntime */; };
		CLLM100000000000000000001004 /* CarbocationLocalLLMUI in Frameworks */ = {isa = PBXBuildFile; productRef = CLLM100000000000000000007003 /* CarbocationLocalLLMUI */; };
		CLLM100000000000000000001005 /* CLLMSmokeApp.swift in Sources */ = {isa = PBXBuildFile; fileRef = CLLM100000000000000000002003 /* CLLMSmokeApp.swift */; };
		CLLM100000000000000000001006 /* CarbocationLocalLLM in Frameworks */ = {isa = PBXBuildFile; productRef = CLLM100000000000000000007001 /* CarbocationLocalLLM */; };
		CLLM100000000000000000001007 /* CarbocationLocalLLMRuntime in Frameworks */ = {isa = PBXBuildFile; productRef = CLLM100000000000000000007002 /* CarbocationLocalLLMRuntime */; };
		CLLM100000000000000000001008 /* CarbocationLocalLLMUI in Frameworks */ = {isa = PBXBuildFile; productRef = CLLM100000000000000000007003 /* CarbocationLocalLLMUI */; };
		CLLM100000000000000000001009 /* CLLMSmokeApp.swift in Sources */ = {isa = PBXBuildFile; fileRef = CLLM100000000000000000002003 /* CLLMSmokeApp.swift */; };
		CLLM100000000000000000001010 /* CarbocationLocalLLM in Frameworks */ = {isa = PBXBuildFile; productRef = CLLM100000000000000000007001 /* CarbocationLocalLLM */; };
		CLLM100000000000000000001011 /* CarbocationLocalLLMRuntime in Frameworks */ = {isa = PBXBuildFile; productRef = CLLM100000000000000000007002 /* CarbocationLocalLLMRuntime */; };
		CLLM100000000000000000001012 /* CarbocationLocalLLMUI in Frameworks */ = {isa = PBXBuildFile; productRef = CLLM100000000000000000007003 /* CarbocationLocalLLMUI */; };
		CLLM100000000000000000001013 /* CLLMDemoApp.swift in Sources */ = {isa = PBXBuildFile; fileRef = CLLM100000000000000000002006 /* CLLMDemoApp.swift */; };
		CLLM100000000000000000001014 /* CarbocationLocalLLM in Frameworks */ = {isa = PBXBuildFile; productRef = CLLM100000000000000000007001 /* CarbocationLocalLLM */; };
		CLLM100000000000000000001015 /* CarbocationLocalLLMRuntime in Frameworks */ = {isa = PBXBuildFile; productRef = CLLM100000000000000000007002 /* CarbocationLocalLLMRuntime */; };
		CLLM100000000000000000001016 /* CarbocationLocalLLMUI in Frameworks */ = {isa = PBXBuildFile; productRef = CLLM100000000000000000007003 /* CarbocationLocalLLMUI */; };
		CLLM100000000000000000001017 /* CLLMDemoApp.swift in Sources */ = {isa = PBXBuildFile; fileRef = CLLM100000000000000000002006 /* CLLMDemoApp.swift */; };
		CLLM100000000000000000001018 /* CarbocationLocalLLM in Frameworks */ = {isa = PBXBuildFile; productRef = CLLM100000000000000000007001 /* CarbocationLocalLLM */; };
		CLLM100000000000000000001019 /* CarbocationLlamaRuntime in Frameworks */ = {isa = PBXBuildFile; productRef = CLLM100000000000000000007004 /* CarbocationLlamaRuntime */; };
		CLLM100000000000000000001020 /* CarbocationLocalLLMUI in Frameworks */ = {isa = PBXBuildFile; productRef = CLLM100000000000000000007003 /* CarbocationLocalLLMUI */; };
		CLLM100000000000000000001021 /* CLLMCalgacusApp.swift in Sources */ = {isa = PBXBuildFile; fileRef = CLLM100000000000000000002009 /* CLLMCalgacusApp.swift */; };
		CLLM100000000000000000001022 /* CarbocationLocalLLM in Frameworks */ = {isa = PBXBuildFile; productRef = CLLM100000000000000000007001 /* CarbocationLocalLLM */; };
		CLLM100000000000000000001023 /* CarbocationLlamaRuntime in Frameworks */ = {isa = PBXBuildFile; productRef = CLLM100000000000000000007004 /* CarbocationLlamaRuntime */; };
		CLLM100000000000000000001024 /* CarbocationLocalLLMUI in Frameworks */ = {isa = PBXBuildFile; productRef = CLLM100000000000000000007003 /* CarbocationLocalLLMUI */; };
		CLLM100000000000000000001025 /* CLLMCalgacusApp.swift in Sources */ = {isa = PBXBuildFile; fileRef = CLLM100000000000000000002009 /* CLLMCalgacusApp.swift */; };
/* End PBXBuildFile section */

/* Begin PBXFileReference section */
		1A4128E02FA656510013AB48 /* CLLMSmokeMac.entitlements */ = {isa = PBXFileReference; lastKnownFileType = text.plist.entitlements; path = CLLMSmokeMac.entitlements; sourceTree = "<group>"; };
		1A4128E12FA6565D0013AB48 /* CLLMSmokeIOS.entitlements */ = {isa = PBXFileReference; lastKnownFileType = text.plist.entitlements; path = CLLMSmokeIOS.entitlements; sourceTree = "<group>"; };
		1A4128E22FA656700013AB48 /* CLLMDemoMac.entitlements */ = {isa = PBXFileReference; lastKnownFileType = text.plist.entitlements; path = CLLMDemoMac.entitlements; sourceTree = "<group>"; };
		1A4128E32FA656770013AB48 /* CLLMDemoIOS.entitlements */ = {isa = PBXFileReference; lastKnownFileType = text.plist.entitlements; path = CLLMDemoIOS.entitlements; sourceTree = "<group>"; };
		1A4128E42FA656800013AB48 /* CLLMCalgacusMac.entitlements */ = {isa = PBXFileReference; lastKnownFileType = text.plist.entitlements; path = CLLMCalgacusMac.entitlements; sourceTree = "<group>"; };
		1A4128E52FA656850013AB48 /* CLLMCalgacusIOS.entitlements */ = {isa = PBXFileReference; lastKnownFileType = text.plist.entitlements; path = CLLMCalgacusIOS.entitlements; sourceTree = "<group>"; };
		CLLM100000000000000000002002 /* CLLMSmokeIOS.app */ = {isa = PBXFileReference; explicitFileType = wrapper.application; includeInIndex = 0; path = CLLMSmokeIOS.app; sourceTree = BUILT_PRODUCTS_DIR; };
		CLLM100000000000000000002003 /* CLLMSmokeApp.swift */ = {isa = PBXFileReference; lastKnownFileType = sourcecode.swift; path = CLLMSmokeApp.swift; sourceTree = "<group>"; };
		CLLM100000000000000000002004 /* CLLMSmokeMac.app */ = {isa = PBXFileReference; explicitFileType = wrapper.application; includeInIndex = 0; path = CLLMSmokeMac.app; sourceTree = BUILT_PRODUCTS_DIR; };
		CLLM100000000000000000002005 /* CLLMDemoIOS.app */ = {isa = PBXFileReference; explicitFileType = wrapper.application; includeInIndex = 0; path = CLLMDemoIOS.app; sourceTree = BUILT_PRODUCTS_DIR; };
		CLLM100000000000000000002006 /* CLLMDemoApp.swift */ = {isa = PBXFileReference; lastKnownFileType = sourcecode.swift; path = CLLMDemoApp.swift; sourceTree = "<group>"; };
		CLLM100000000000000000002007 /* CLLMDemoMac.app */ = {isa = PBXFileReference; explicitFileType = wrapper.application; includeInIndex = 0; path = CLLMDemoMac.app; sourceTree = BUILT_PRODUCTS_DIR; };
		CLLM100000000000000000002008 /* CLLMCalgacusIOS.app */ = {isa = PBXFileReference; explicitFileType = wrapper.application; includeInIndex = 0; path = CLLMCalgacusIOS.app; sourceTree = BUILT_PRODUCTS_DIR; };
		CLLM100000000000000000002009 /* CLLMCalgacusApp.swift */ = {isa = PBXFileReference; lastKnownFileType = sourcecode.swift; path = CLLMCalgacusApp.swift; sourceTree = "<group>"; };
		CLLM100000000000000000002010 /* CLLMCalgacusMac.app */ = {isa = PBXFileReference; explicitFileType = wrapper.application; includeInIndex = 0; path = CLLMCalgacusMac.app; sourceTree = BUILT_PRODUCTS_DIR; };
/* End PBXFileReference section */

/* Begin PBXFrameworksBuildPhase section */
		CLLM100000000000000000003001 /* Frameworks */ = {
			isa = PBXFrameworksBuildPhase;
			buildActionMask = 2147483647;
			files = (
				CLLM100000000000000000001002 /* CarbocationLocalLLM in Frameworks */,
				CLLM100000000000000000001003 /* CarbocationLocalLLMRuntime in Frameworks */,
				CLLM100000000000000000001004 /* CarbocationLocalLLMUI in Frameworks */,
			);
			runOnlyForDeploymentPostprocessing = 0;
		};
		CLLM100000000000000000003003 /* Frameworks */ = {
			isa = PBXFrameworksBuildPhase;
			buildActionMask = 2147483647;
			files = (
				CLLM100000000000000000001006 /* CarbocationLocalLLM in Frameworks */,
				CLLM100000000000000000001007 /* CarbocationLocalLLMRuntime in Frameworks */,
				CLLM100000000000000000001008 /* CarbocationLocalLLMUI in Frameworks */,
			);
			runOnlyForDeploymentPostprocessing = 0;
		};
		CLLM100000000000000000003005 /* Frameworks */ = {
			isa = PBXFrameworksBuildPhase;
			buildActionMask = 2147483647;
			files = (
				CLLM100000000000000000001010 /* CarbocationLocalLLM in Frameworks */,
				CLLM100000000000000000001011 /* CarbocationLocalLLMRuntime in Frameworks */,
				CLLM100000000000000000001012 /* CarbocationLocalLLMUI in Frameworks */,
			);
			runOnlyForDeploymentPostprocessing = 0;
		};
		CLLM100000000000000000003006 /* Frameworks */ = {
			isa = PBXFrameworksBuildPhase;
			buildActionMask = 2147483647;
			files = (
				CLLM100000000000000000001014 /* CarbocationLocalLLM in Frameworks */,
				CLLM100000000000000000001015 /* CarbocationLocalLLMRuntime in Frameworks */,
				CLLM100000000000000000001016 /* CarbocationLocalLLMUI in Frameworks */,
			);
			runOnlyForDeploymentPostprocessing = 0;
		};
		CLLM100000000000000000003009 /* Frameworks */ = {
			isa = PBXFrameworksBuildPhase;
			buildActionMask = 2147483647;
			files = (
				CLLM100000000000000000001018 /* CarbocationLocalLLM in Frameworks */,
				CLLM100000000000000000001019 /* CarbocationLlamaRuntime in Frameworks */,
				CLLM100000000000000000001020 /* CarbocationLocalLLMUI in Frameworks */,
			);
			runOnlyForDeploymentPostprocessing = 0;
		};
		CLLM100000000000000000003010 /* Frameworks */ = {
			isa = PBXFrameworksBuildPhase;
			buildActionMask = 2147483647;
			files = (
				CLLM100000000000000000001022 /* CarbocationLocalLLM in Frameworks */,
				CLLM100000000000000000001023 /* CarbocationLlamaRuntime in Frameworks */,
				CLLM100000000000000000001024 /* CarbocationLocalLLMUI in Frameworks */,
			);
			runOnlyForDeploymentPostprocessing = 0;
		};
/* End PBXFrameworksBuildPhase section */

/* Begin PBXGroup section */
		CLLM100000000000000000004001 = {
			isa = PBXGroup;
			children = (
				1A4128E52FA656850013AB48 /* CLLMCalgacusIOS.entitlements */,
				1A4128E42FA656800013AB48 /* CLLMCalgacusMac.entitlements */,
				1A4128E32FA656770013AB48 /* CLLMDemoIOS.entitlements */,
				1A4128E22FA656700013AB48 /* CLLMDemoMac.entitlements */,
				1A4128E12FA6565D0013AB48 /* CLLMSmokeIOS.entitlements */,
				1A4128E02FA656510013AB48 /* CLLMSmokeMac.entitlements */,
				CLLM100000000000000000004004 /* Apps/CLLMSmoke */,
				CLLM100000000000000000004005 /* Apps/CLLMDemo */,
				CLLM100000000000000000004006 /* Apps/CLLMCalgacus */,
				CLLM100000000000000000004003 /* Products */,
			);
			sourceTree = "<group>";
		};
		CLLM100000000000000000004003 /* Products */ = {
			isa = PBXGroup;
			children = (
				CLLM100000000000000000002004 /* CLLMSmokeMac.app */,
				CLLM100000000000000000002002 /* CLLMSmokeIOS.app */,
				CLLM100000000000000000002007 /* CLLMDemoMac.app */,
				CLLM100000000000000000002005 /* CLLMDemoIOS.app */,
				CLLM100000000000000000002010 /* CLLMCalgacusMac.app */,
				CLLM100000000000000000002008 /* CLLMCalgacusIOS.app */,
			);
			name = Products;
			sourceTree = "<group>";
		};
		CLLM100000000000000000004004 /* Apps/CLLMSmoke */ = {
			isa = PBXGroup;
			children = (
				CLLM100000000000000000002003 /* CLLMSmokeApp.swift */,
			);
			path = Apps/CLLMSmoke;
			sourceTree = "<group>";
		};
		CLLM100000000000000000004005 /* Apps/CLLMDemo */ = {
			isa = PBXGroup;
			children = (
				CLLM100000000000000000002006 /* CLLMDemoApp.swift */,
			);
			path = Apps/CLLMDemo;
			sourceTree = "<group>";
		};
		CLLM100000000000000000004006 /* Apps/CLLMCalgacus */ = {
			isa = PBXGroup;
			children = (
				CLLM100000000000000000002009 /* CLLMCalgacusApp.swift */,
			);
			path = Apps/CLLMCalgacus;
			sourceTree = "<group>";
		};
/* End PBXGroup section */

/* Begin PBXNativeTarget section */
		CLLM100000000000000000005001 /* CLLMSmokeIOS */ = {
			isa = PBXNativeTarget;
			buildConfigurationList = CLLM100000000000000000006003 /* Build configuration list for PBXNativeTarget "CLLMSmokeIOS" */;
			buildPhases = (
				CLLM100000000000000000003002 /* Sources */,
				CLLM100000000000000000003001 /* Frameworks */,
			);
			buildRules = (
			);
			dependencies = (
			);
			name = CLLMSmokeIOS;
			packageProductDependencies = (
				CLLM100000000000000000007001 /* CarbocationLocalLLM */,
				CLLM100000000000000000007002 /* CarbocationLocalLLMRuntime */,
				CLLM100000000000000000007003 /* CarbocationLocalLLMUI */,
			);
			productName = CLLMSmokeIOS;
			productReference = CLLM100000000000000000002002 /* CLLMSmokeIOS.app */;
			productType = "com.apple.product-type.application";
		};
		CLLM100000000000000000005002 /* CLLMSmokeMac */ = {
			isa = PBXNativeTarget;
			buildConfigurationList = CLLM100000000000000000006004 /* Build configuration list for PBXNativeTarget "CLLMSmokeMac" */;
			buildPhases = (
				CLLM100000000000000000003004 /* Sources */,
				CLLM100000000000000000003003 /* Frameworks */,
			);
			buildRules = (
			);
			dependencies = (
			);
			name = CLLMSmokeMac;
			packageProductDependencies = (
				CLLM100000000000000000007001 /* CarbocationLocalLLM */,
				CLLM100000000000000000007002 /* CarbocationLocalLLMRuntime */,
				CLLM100000000000000000007003 /* CarbocationLocalLLMUI */,
			);
			productName = CLLMSmokeMac;
			productReference = CLLM100000000000000000002004 /* CLLMSmokeMac.app */;
			productType = "com.apple.product-type.application";
		};
		CLLM100000000000000000005003 /* CLLMDemoIOS */ = {
			isa = PBXNativeTarget;
			buildConfigurationList = CLLM100000000000000000006005 /* Build configuration list for PBXNativeTarget "CLLMDemoIOS" */;
			buildPhases = (
				CLLM100000000000000000003007 /* Sources */,
				CLLM100000000000000000003005 /* Frameworks */,
			);
			buildRules = (
			);
			dependencies = (
			);
			name = CLLMDemoIOS;
			packageProductDependencies = (
				CLLM100000000000000000007001 /* CarbocationLocalLLM */,
				CLLM100000000000000000007002 /* CarbocationLocalLLMRuntime */,
				CLLM100000000000000000007003 /* CarbocationLocalLLMUI */,
			);
			productName = CLLMDemoIOS;
			productReference = CLLM100000000000000000002005 /* CLLMDemoIOS.app */;
			productType = "com.apple.product-type.application";
		};
		CLLM100000000000000000005004 /* CLLMDemoMac */ = {
			isa = PBXNativeTarget;
			buildConfigurationList = CLLM100000000000000000006006 /* Build configuration list for PBXNativeTarget "CLLMDemoMac" */;
			buildPhases = (
				CLLM100000000000000000003008 /* Sources */,
				CLLM100000000000000000003006 /* Frameworks */,
			);
			buildRules = (
			);
			dependencies = (
			);
			name = CLLMDemoMac;
			packageProductDependencies = (
				CLLM100000000000000000007001 /* CarbocationLocalLLM */,
				CLLM100000000000000000007002 /* CarbocationLocalLLMRuntime */,
				CLLM100000000000000000007003 /* CarbocationLocalLLMUI */,
			);
			productName = CLLMDemoMac;
			productReference = CLLM100000000000000000002007 /* CLLMDemoMac.app */;
			productType = "com.apple.product-type.application";
		};
		CLLM100000000000000000005005 /* CLLMCalgacusIOS */ = {
			isa = PBXNativeTarget;
			buildConfigurationList = CLLM100000000000000000006007 /* Build configuration list for PBXNativeTarget "CLLMCalgacusIOS" */;
			buildPhases = (
				CLLM100000000000000000003011 /* Sources */,
				CLLM100000000000000000003009 /* Frameworks */,
			);
			buildRules = (
			);
			dependencies = (
			);
			name = CLLMCalgacusIOS;
			packageProductDependencies = (
				CLLM100000000000000000007001 /* CarbocationLocalLLM */,
				CLLM100000000000000000007004 /* CarbocationLlamaRuntime */,
				CLLM100000000000000000007003 /* CarbocationLocalLLMUI */,
			);
			productName = CLLMCalgacusIOS;
			productReference = CLLM100000000000000000002008 /* CLLMCalgacusIOS.app */;
			productType = "com.apple.product-type.application";
		};
		CLLM100000000000000000005006 /* CLLMCalgacusMac */ = {
			isa = PBXNativeTarget;
			buildConfigurationList = CLLM100000000000000000006008 /* Build configuration list for PBXNativeTarget "CLLMCalgacusMac" */;
			buildPhases = (
				CLLM100000000000000000003012 /* Sources */,
				CLLM100000000000000000003010 /* Frameworks */,
			);
			buildRules = (
			);
			dependencies = (
			);
			name = CLLMCalgacusMac;
			packageProductDependencies = (
				CLLM100000000000000000007001 /* CarbocationLocalLLM */,
				CLLM100000000000000000007004 /* CarbocationLlamaRuntime */,
				CLLM100000000000000000007003 /* CarbocationLocalLLMUI */,
			);
			productName = CLLMCalgacusMac;
			productReference = CLLM100000000000000000002010 /* CLLMCalgacusMac.app */;
			productType = "com.apple.product-type.application";
		};
/* End PBXNativeTarget section */

/* Begin PBXProject section */
		CLLM100000000000000000008001 /* Project object */ = {
			isa = PBXProject;
			attributes = {
				BuildIndependentTargetsInParallel = 1;
				LastSwiftUpdateCheck = 2600;
				LastUpgradeCheck = 2600;
				TargetAttributes = {
					CLLM100000000000000000005001 = {
						CreatedOnToolsVersion = 26.0;
					};
					CLLM100000000000000000005002 = {
						CreatedOnToolsVersion = 26.0;
					};
					CLLM100000000000000000005003 = {
						CreatedOnToolsVersion = 26.0;
					};
					CLLM100000000000000000005004 = {
						CreatedOnToolsVersion = 26.0;
					};
					CLLM100000000000000000005005 = {
						CreatedOnToolsVersion = 26.0;
					};
					CLLM100000000000000000005006 = {
						CreatedOnToolsVersion = 26.0;
					};
				};
			};
			buildConfigurationList = CLLM100000000000000000006001 /* Build configuration list for PBXProject "Apps" */;
			compatibilityVersion = "Xcode 14.0";
			developmentRegion = en;
			hasScannedForEncodings = 0;
			knownRegions = (
				en,
				Base,
			);
			mainGroup = CLLM100000000000000000004001;
			packageReferences = (
				CLLM100000000000000000009001 /* XCLocalSwiftPackageReference "." */,
			);
			productRefGroup = CLLM100000000000000000004003 /* Products */;
			projectDirPath = "";
			projectRoot = "";
			targets = (
				CLLM100000000000000000005002 /* CLLMSmokeMac */,
				CLLM100000000000000000005001 /* CLLMSmokeIOS */,
				CLLM100000000000000000005004 /* CLLMDemoMac */,
				CLLM100000000000000000005003 /* CLLMDemoIOS */,
				CLLM100000000000000000005006 /* CLLMCalgacusMac */,
				CLLM100000000000000000005005 /* CLLMCalgacusIOS */,
			);
		};
/* End PBXProject section */

/* Begin PBXSourcesBuildPhase section */
		CLLM100000000000000000003002 /* Sources */ = {
			isa = PBXSourcesBuildPhase;
			buildActionMask = 2147483647;
			files = (
				CLLM100000000000000000001009 /* CLLMSmokeApp.swift in Sources */,
			);
			runOnlyForDeploymentPostprocessing = 0;
		};
		CLLM100000000000000000003004 /* Sources */ = {
			isa = PBXSourcesBuildPhase;
			buildActionMask = 2147483647;
			files = (
				CLLM100000000000000000001005 /* CLLMSmokeApp.swift in Sources */,
			);
			runOnlyForDeploymentPostprocessing = 0;
		};
		CLLM100000000000000000003007 /* Sources */ = {
			isa = PBXSourcesBuildPhase;
			buildActionMask = 2147483647;
			files = (
				CLLM100000000000000000001013 /* CLLMDemoApp.swift in Sources */,
			);
			runOnlyForDeploymentPostprocessing = 0;
		};
		CLLM100000000000000000003008 /* Sources */ = {
			isa = PBXSourcesBuildPhase;
			buildActionMask = 2147483647;
			files = (
				CLLM100000000000000000001017 /* CLLMDemoApp.swift in Sources */,
			);
			runOnlyForDeploymentPostprocessing = 0;
		};
		CLLM100000000000000000003011 /* Sources */ = {
			isa = PBXSourcesBuildPhase;
			buildActionMask = 2147483647;
			files = (
				CLLM100000000000000000001021 /* CLLMCalgacusApp.swift in Sources */,
			);
			runOnlyForDeploymentPostprocessing = 0;
		};
		CLLM100000000000000000003012 /* Sources */ = {
			isa = PBXSourcesBuildPhase;
			buildActionMask = 2147483647;
			files = (
				CLLM100000000000000000001025 /* CLLMCalgacusApp.swift in Sources */,
			);
			runOnlyForDeploymentPostprocessing = 0;
		};
/* End PBXSourcesBuildPhase section */

/* Begin XCBuildConfiguration section */
		CLLM100000000000000000006101 /* Debug */ = {
			isa = XCBuildConfiguration;
			buildSettings = {
				ALWAYS_SEARCH_USER_PATHS = NO;
				CLANG_ANALYZER_NONNULL = YES;
				CLANG_ANALYZER_NUMBER_OBJECT_CONVERSION = YES_AGGRESSIVE;
				CLANG_CXX_LANGUAGE_STANDARD = "gnu++20";
				CLANG_ENABLE_MODULES = YES;
				CLANG_ENABLE_OBJC_ARC = YES;
				CLANG_ENABLE_OBJC_WEAK = YES;
				CLANG_WARN_BLOCK_CAPTURE_AUTORELEASING = YES;
				CLANG_WARN_BOOL_CONVERSION = YES;
				CLANG_WARN_COMMA = YES;
				CLANG_WARN_CONSTANT_CONVERSION = YES;
				CLANG_WARN_DEPRECATED_OBJC_IMPLEMENTATIONS = YES;
				CLANG_WARN_DIRECT_OBJC_ISA_USAGE = YES_ERROR;
				CLANG_WARN_DOCUMENTATION_COMMENTS = YES;
				CLANG_WARN_EMPTY_BODY = YES;
				CLANG_WARN_ENUM_CONVERSION = YES;
				CLANG_WARN_INFINITE_RECURSION = YES;
				CLANG_WARN_INT_CONVERSION = YES;
				CLANG_WARN_NON_LITERAL_NULL_CONVERSION = YES;
				CLANG_WARN_OBJC_IMPLICIT_RETAIN_SELF = YES;
				CLANG_WARN_OBJC_LITERAL_CONVERSION = YES;
				CLANG_WARN_OBJC_ROOT_CLASS = YES_ERROR;
				CLANG_WARN_QUOTED_INCLUDE_IN_FRAMEWORK_HEADER = YES;
				CLANG_WARN_RANGE_LOOP_ANALYSIS = YES;
				CLANG_WARN_STRICT_PROTOTYPES = YES;
				CLANG_WARN_SUSPICIOUS_MOVE = YES;
				CLANG_WARN_UNGUARDED_AVAILABILITY = YES_AGGRESSIVE;
				CLANG_WARN_UNREACHABLE_CODE = YES;
				CLANG_WARN__DUPLICATE_METHOD_MATCH = YES;
				COPY_PHASE_STRIP = NO;
				DEBUG_INFORMATION_FORMAT = dwarf;
				ENABLE_STRICT_OBJC_MSGSEND = YES;
				ENABLE_TESTABILITY = YES;
				GCC_C_LANGUAGE_STANDARD = gnu17;
				GCC_DYNAMIC_NO_PIC = NO;
				GCC_NO_COMMON_BLOCKS = YES;
				GCC_OPTIMIZATION_LEVEL = 0;
				GCC_PREPROCESSOR_DEFINITIONS = (
					"DEBUG=1",
					"$(inherited)",
				);
				GCC_WARN_64_TO_32_BIT_CONVERSION = YES;
				GCC_WARN_ABOUT_RETURN_TYPE = YES_ERROR;
				GCC_WARN_UNDECLARED_SELECTOR = YES;
				GCC_WARN_UNINITIALIZED_AUTOS = YES_AGGRESSIVE;
				GCC_WARN_UNUSED_FUNCTION = YES;
				GCC_WARN_UNUSED_VARIABLE = YES;
				IPHONEOS_DEPLOYMENT_TARGET = 17.0;
				LOCALIZATION_PREFERS_STRING_CATALOGS = YES;
				MTL_ENABLE_DEBUG_INFO = INCLUDE_SOURCE;
				MTL_FAST_MATH = YES;
				ONLY_ACTIVE_ARCH = YES;
				SDKROOT = iphoneos;
				SWIFT_ACTIVE_COMPILATION_CONDITIONS = DEBUG;
				SWIFT_OPTIMIZATION_LEVEL = "-Onone";
			};
			name = Debug;
		};
		CLLM100000000000000000006102 /* Release */ = {
			isa = XCBuildConfiguration;
			buildSettings = {
				ALWAYS_SEARCH_USER_PATHS = NO;
				CLANG_ANALYZER_NONNULL = YES;
				CLANG_ANALYZER_NUMBER_OBJECT_CONVERSION = YES_AGGRESSIVE;
				CLANG_CXX_LANGUAGE_STANDARD = "gnu++20";
				CLANG_ENABLE_MODULES = YES;
				CLANG_ENABLE_OBJC_ARC = YES;
				CLANG_ENABLE_OBJC_WEAK = YES;
				CLANG_WARN_BLOCK_CAPTURE_AUTORELEASING = YES;
				CLANG_WARN_BOOL_CONVERSION = YES;
				CLANG_WARN_COMMA = YES;
				CLANG_WARN_CONSTANT_CONVERSION = YES;
				CLANG_WARN_DEPRECATED_OBJC_IMPLEMENTATIONS = YES;
				CLANG_WARN_DIRECT_OBJC_ISA_USAGE = YES_ERROR;
				CLANG_WARN_DOCUMENTATION_COMMENTS = YES;
				CLANG_WARN_EMPTY_BODY = YES;
				CLANG_WARN_ENUM_CONVERSION = YES;
				CLANG_WARN_INFINITE_RECURSION = YES;
				CLANG_WARN_INT_CONVERSION = YES;
				CLANG_WARN_NON_LITERAL_NULL_CONVERSION = YES;
				CLANG_WARN_OBJC_IMPLICIT_RETAIN_SELF = YES;
				CLANG_WARN_OBJC_LITERAL_CONVERSION = YES;
				CLANG_WARN_OBJC_ROOT_CLASS = YES_ERROR;
				CLANG_WARN_QUOTED_INCLUDE_IN_FRAMEWORK_HEADER = YES;
				CLANG_WARN_RANGE_LOOP_ANALYSIS = YES;
				CLANG_WARN_STRICT_PROTOTYPES = YES;
				CLANG_WARN_SUSPICIOUS_MOVE = YES;
				CLANG_WARN_UNGUARDED_AVAILABILITY = YES_AGGRESSIVE;
				CLANG_WARN_UNREACHABLE_CODE = YES;
				CLANG_WARN__DUPLICATE_METHOD_MATCH = YES;
				COPY_PHASE_STRIP = NO;
				DEBUG_INFORMATION_FORMAT = "dwarf-with-dsym";
				ENABLE_NS_ASSERTIONS = NO;
				ENABLE_STRICT_OBJC_MSGSEND = YES;
				GCC_C_LANGUAGE_STANDARD = gnu17;
				GCC_NO_COMMON_BLOCKS = YES;
				GCC_WARN_64_TO_32_BIT_CONVERSION = YES;
				GCC_WARN_ABOUT_RETURN_TYPE = YES_ERROR;
				GCC_WARN_UNDECLARED_SELECTOR = YES;
				GCC_WARN_UNINITIALIZED_AUTOS = YES_AGGRESSIVE;
				GCC_WARN_UNUSED_FUNCTION = YES;
				GCC_WARN_UNUSED_VARIABLE = YES;
				IPHONEOS_DEPLOYMENT_TARGET = 17.0;
				LOCALIZATION_PREFERS_STRING_CATALOGS = YES;
				MTL_ENABLE_DEBUG_INFO = NO;
				MTL_FAST_MATH = YES;
				SDKROOT = iphoneos;
				SWIFT_COMPILATION_MODE = wholemodule;
				VALIDATE_PRODUCT = YES;
			};
			name = Release;
		};
		CLLM100000000000000000006201 /* Debug */ = {
			isa = XCBuildConfiguration;
			buildSettings = {
				CODE_SIGN_ENTITLEMENTS = CLLMSmokeIOS.entitlements;
				CODE_SIGN_STYLE = Automatic;
				CURRENT_PROJECT_VERSION = 1;
				DEVELOPMENT_TEAM = YTU97Z787R;
				GENERATE_INFOPLIST_FILE = YES;
				INFOPLIST_KEY_CFBundleDisplayName = CLLMSmokeIOS;
				INFOPLIST_KEY_LSApplicationCategoryType = "public.app-category.developer-tools";
				INFOPLIST_KEY_UIApplicationSceneManifest_Generation = YES;
				INFOPLIST_KEY_UIApplicationSupportsIndirectInputEvents = YES;
				INFOPLIST_KEY_UILaunchScreen_Generation = YES;
				INFOPLIST_KEY_UISupportedInterfaceOrientations = "UIInterfaceOrientationPortrait UIInterfaceOrientationLandscapeLeft UIInterfaceOrientationLandscapeRight";
				INFOPLIST_KEY_UISupportedInterfaceOrientations_iPad = "UIInterfaceOrientationPortrait UIInterfaceOrientationPortraitUpsideDown UIInterfaceOrientationLandscapeLeft UIInterfaceOrientationLandscapeRight";
				IPHONEOS_DEPLOYMENT_TARGET = 17.0;
				LD_RUNPATH_SEARCH_PATHS = (
					"$(inherited)",
					"@executable_path/Frameworks",
				);
				MARKETING_VERSION = 1.0;
				PRODUCT_BUNDLE_IDENTIFIER = com.carbocation.CLLMSmokeIOS;
				PRODUCT_NAME = "$(TARGET_NAME)";
				SUPPORTED_PLATFORMS = "iphoneos iphonesimulator";
				SUPPORTS_MACCATALYST = NO;
				SWIFT_EMIT_LOC_STRINGS = YES;
				SWIFT_VERSION = 5.0;
				TARGETED_DEVICE_FAMILY = "1,2";
			};
			name = Debug;
		};
		CLLM100000000000000000006202 /* Release */ = {
			isa = XCBuildConfiguration;
			buildSettings = {
				CODE_SIGN_ENTITLEMENTS = CLLMSmokeIOS.entitlements;
				CODE_SIGN_STYLE = Automatic;
				CURRENT_PROJECT_VERSION = 1;
				DEVELOPMENT_TEAM = YTU97Z787R;
				GENERATE_INFOPLIST_FILE = YES;
				INFOPLIST_KEY_CFBundleDisplayName = CLLMSmokeIOS;
				INFOPLIST_KEY_LSApplicationCategoryType = "public.app-category.developer-tools";
				INFOPLIST_KEY_UIApplicationSceneManifest_Generation = YES;
				INFOPLIST_KEY_UIApplicationSupportsIndirectInputEvents = YES;
				INFOPLIST_KEY_UILaunchScreen_Generation = YES;
				INFOPLIST_KEY_UISupportedInterfaceOrientations = "UIInterfaceOrientationPortrait UIInterfaceOrientationLandscapeLeft UIInterfaceOrientationLandscapeRight";
				INFOPLIST_KEY_UISupportedInterfaceOrientations_iPad = "UIInterfaceOrientationPortrait UIInterfaceOrientationPortraitUpsideDown UIInterfaceOrientationLandscapeLeft UIInterfaceOrientationLandscapeRight";
				IPHONEOS_DEPLOYMENT_TARGET = 17.0;
				LD_RUNPATH_SEARCH_PATHS = (
					"$(inherited)",
					"@executable_path/Frameworks",
				);
				MARKETING_VERSION = 1.0;
				PRODUCT_BUNDLE_IDENTIFIER = com.carbocation.CLLMSmokeIOS;
				PRODUCT_NAME = "$(TARGET_NAME)";
				SUPPORTED_PLATFORMS = "iphoneos iphonesimulator";
				SUPPORTS_MACCATALYST = NO;
				SWIFT_EMIT_LOC_STRINGS = YES;
				SWIFT_VERSION = 5.0;
				TARGETED_DEVICE_FAMILY = "1,2";
			};
			name = Release;
		};
		CLLM100000000000000000006203 /* Debug */ = {
			isa = XCBuildConfiguration;
			buildSettings = {
				CODE_SIGN_ENTITLEMENTS = CLLMSmokeMac.entitlements;
				CODE_SIGN_IDENTITY = "-";
				"CODE_SIGN_IDENTITY[sdk=macosx*]" = "Apple Development";
				CODE_SIGN_STYLE = Automatic;
				CURRENT_PROJECT_VERSION = 1;
				DEVELOPMENT_TEAM = YTU97Z787R;
				GENERATE_INFOPLIST_FILE = YES;
				INFOPLIST_KEY_CFBundleDisplayName = CLLMSmokeMac;
				INFOPLIST_KEY_LSApplicationCategoryType = "public.app-category.developer-tools";
				INFOPLIST_KEY_NSPrincipalClass = NSApplication;
				LD_RUNPATH_SEARCH_PATHS = (
					"$(inherited)",
					"@executable_path/../Frameworks",
				);
				MACOSX_DEPLOYMENT_TARGET = 14.0;
				MARKETING_VERSION = 1.0;
				PRODUCT_BUNDLE_IDENTIFIER = com.carbocation.CLLMSmokeMac;
				PRODUCT_NAME = "$(TARGET_NAME)";
				REGISTER_APP_GROUPS = YES;
				SDKROOT = macosx;
				SUPPORTED_PLATFORMS = macosx;
				SWIFT_EMIT_LOC_STRINGS = YES;
				SWIFT_VERSION = 5.0;
			};
			name = Debug;
		};
		CLLM100000000000000000006204 /* Release */ = {
			isa = XCBuildConfiguration;
			buildSettings = {
				CODE_SIGN_ENTITLEMENTS = CLLMSmokeMac.entitlements;
				CODE_SIGN_IDENTITY = "-";
				"CODE_SIGN_IDENTITY[sdk=macosx*]" = "Apple Development";
				CODE_SIGN_STYLE = Automatic;
				CURRENT_PROJECT_VERSION = 1;
				DEVELOPMENT_TEAM = YTU97Z787R;
				GENERATE_INFOPLIST_FILE = YES;
				INFOPLIST_KEY_CFBundleDisplayName = CLLMSmokeMac;
				INFOPLIST_KEY_LSApplicationCategoryType = "public.app-category.developer-tools";
				INFOPLIST_KEY_NSPrincipalClass = NSApplication;
				LD_RUNPATH_SEARCH_PATHS = (
					"$(inherited)",
					"@executable_path/../Frameworks",
				);
				MACOSX_DEPLOYMENT_TARGET = 14.0;
				MARKETING_VERSION = 1.0;
				PRODUCT_BUNDLE_IDENTIFIER = com.carbocation.CLLMSmokeMac;
				PRODUCT_NAME = "$(TARGET_NAME)";
				REGISTER_APP_GROUPS = YES;
				SDKROOT = macosx;
				SUPPORTED_PLATFORMS = macosx;
				SWIFT_EMIT_LOC_STRINGS = YES;
				SWIFT_VERSION = 5.0;
			};
			name = Release;
		};
		CLLM100000000000000000006205 /* Debug */ = {
			isa = XCBuildConfiguration;
			buildSettings = {
				CODE_SIGN_ENTITLEMENTS = CLLMDemoIOS.entitlements;
				CODE_SIGN_STYLE = Automatic;
				CURRENT_PROJECT_VERSION = 1;
				DEVELOPMENT_TEAM = YTU97Z787R;
				GENERATE_INFOPLIST_FILE = YES;
				INFOPLIST_KEY_CFBundleDisplayName = CLLMDemoIOS;
				INFOPLIST_KEY_LSApplicationCategoryType = "public.app-category.developer-tools";
				INFOPLIST_KEY_UIApplicationSceneManifest_Generation = YES;
				INFOPLIST_KEY_UIApplicationSupportsIndirectInputEvents = YES;
				INFOPLIST_KEY_UILaunchScreen_Generation = YES;
				INFOPLIST_KEY_UISupportedInterfaceOrientations = "UIInterfaceOrientationPortrait UIInterfaceOrientationLandscapeLeft UIInterfaceOrientationLandscapeRight";
				INFOPLIST_KEY_UISupportedInterfaceOrientations_iPad = "UIInterfaceOrientationPortrait UIInterfaceOrientationPortraitUpsideDown UIInterfaceOrientationLandscapeLeft UIInterfaceOrientationLandscapeRight";
				IPHONEOS_DEPLOYMENT_TARGET = 17.0;
				LD_RUNPATH_SEARCH_PATHS = (
					"$(inherited)",
					"@executable_path/Frameworks",
				);
				MARKETING_VERSION = 1.0;
				PRODUCT_BUNDLE_IDENTIFIER = com.carbocation.CLLMDemoIOS;
				PRODUCT_NAME = "$(TARGET_NAME)";
				SUPPORTED_PLATFORMS = "iphoneos iphonesimulator";
				SUPPORTS_MACCATALYST = NO;
				SWIFT_EMIT_LOC_STRINGS = YES;
				SWIFT_VERSION = 5.0;
				TARGETED_DEVICE_FAMILY = "1,2";
			};
			name = Debug;
		};
		CLLM100000000000000000006206 /* Release */ = {
			isa = XCBuildConfiguration;
			buildSettings = {
				CODE_SIGN_ENTITLEMENTS = CLLMDemoIOS.entitlements;
				CODE_SIGN_STYLE = Automatic;
				CURRENT_PROJECT_VERSION = 1;
				DEVELOPMENT_TEAM = YTU97Z787R;
				GENERATE_INFOPLIST_FILE = YES;
				INFOPLIST_KEY_CFBundleDisplayName = CLLMDemoIOS;
				INFOPLIST_KEY_LSApplicationCategoryType = "public.app-category.developer-tools";
				INFOPLIST_KEY_UIApplicationSceneManifest_Generation = YES;
				INFOPLIST_KEY_UIApplicationSupportsIndirectInputEvents = YES;
				INFOPLIST_KEY_UILaunchScreen_Generation = YES;
				INFOPLIST_KEY_UISupportedInterfaceOrientations = "UIInterfaceOrientationPortrait UIInterfaceOrientationLandscapeLeft UIInterfaceOrientationLandscapeRight";
				INFOPLIST_KEY_UISupportedInterfaceOrientations_iPad = "UIInterfaceOrientationPortrait UIInterfaceOrientationPortraitUpsideDown UIInterfaceOrientationLandscapeLeft UIInterfaceOrientationLandscapeRight";
				IPHONEOS_DEPLOYMENT_TARGET = 17.0;
				LD_RUNPATH_SEARCH_PATHS = (
					"$(inherited)",
					"@executable_path/Frameworks",
				);
				MARKETING_VERSION = 1.0;
				PRODUCT_BUNDLE_IDENTIFIER = com.carbocation.CLLMDemoIOS;
				PRODUCT_NAME = "$(TARGET_NAME)";
				SUPPORTED_PLATFORMS = "iphoneos iphonesimulator";
				SUPPORTS_MACCATALYST = NO;
				SWIFT_EMIT_LOC_STRINGS = YES;
				SWIFT_VERSION = 5.0;
				TARGETED_DEVICE_FAMILY = "1,2";
			};
			name = Release;
		};
		CLLM100000000000000000006207 /* Debug */ = {
			isa = XCBuildConfiguration;
			buildSettings = {
				CODE_SIGN_ENTITLEMENTS = CLLMDemoMac.entitlements;
				CODE_SIGN_IDENTITY = "-";
				"CODE_SIGN_IDENTITY[sdk=macosx*]" = "Apple Development";
				CODE_SIGN_STYLE = Automatic;
				CURRENT_PROJECT_VERSION = 1;
				DEVELOPMENT_TEAM = YTU97Z787R;
				GENERATE_INFOPLIST_FILE = YES;
				INFOPLIST_KEY_CFBundleDisplayName = CLLMDemoMac;
				INFOPLIST_KEY_LSApplicationCategoryType = "public.app-category.developer-tools";
				INFOPLIST_KEY_NSPrincipalClass = NSApplication;
				LD_RUNPATH_SEARCH_PATHS = (
					"$(inherited)",
					"@executable_path/../Frameworks",
				);
				MACOSX_DEPLOYMENT_TARGET = 14.0;
				MARKETING_VERSION = 1.0;
				PRODUCT_BUNDLE_IDENTIFIER = com.carbocation.CLLMDemoMac;
				PRODUCT_NAME = "$(TARGET_NAME)";
				REGISTER_APP_GROUPS = YES;
				SDKROOT = macosx;
				SUPPORTED_PLATFORMS = macosx;
				SWIFT_EMIT_LOC_STRINGS = YES;
				SWIFT_VERSION = 5.0;
			};
			name = Debug;
		};
		CLLM100000000000000000006208 /* Release */ = {
			isa = XCBuildConfiguration;
			buildSettings = {
				CODE_SIGN_ENTITLEMENTS = CLLMDemoMac.entitlements;
				CODE_SIGN_IDENTITY = "-";
				"CODE_SIGN_IDENTITY[sdk=macosx*]" = "Apple Development";
				CODE_SIGN_STYLE = Automatic;
				CURRENT_PROJECT_VERSION = 1;
				DEVELOPMENT_TEAM = YTU97Z787R;
				GENERATE_INFOPLIST_FILE = YES;
				INFOPLIST_KEY_CFBundleDisplayName = CLLMDemoMac;
				INFOPLIST_KEY_LSApplicationCategoryType = "public.app-category.developer-tools";
				INFOPLIST_KEY_NSPrincipalClass = NSApplication;
				LD_RUNPATH_SEARCH_PATHS = (
					"$(inherited)",
					"@executable_path/../Frameworks",
				);
				MACOSX_DEPLOYMENT_TARGET = 14.0;
				MARKETING_VERSION = 1.0;
				PRODUCT_BUNDLE_IDENTIFIER = com.carbocation.CLLMDemoMac;
				PRODUCT_NAME = "$(TARGET_NAME)";
				REGISTER_APP_GROUPS = YES;
				SDKROOT = macosx;
				SUPPORTED_PLATFORMS = macosx;
				SWIFT_EMIT_LOC_STRINGS = YES;
				SWIFT_VERSION = 5.0;
			};
			name = Release;
		};
		CLLM100000000000000000006209 /* Debug */ = {
			isa = XCBuildConfiguration;
			buildSettings = {
				CODE_SIGN_ENTITLEMENTS = CLLMCalgacusIOS.entitlements;
				CODE_SIGN_STYLE = Automatic;
				CURRENT_PROJECT_VERSION = 1;
				DEVELOPMENT_TEAM = YTU97Z787R;
				GENERATE_INFOPLIST_FILE = YES;
				INFOPLIST_KEY_CFBundleDisplayName = CLLMCalgacusIOS;
				INFOPLIST_KEY_LSApplicationCategoryType = "public.app-category.developer-tools";
				INFOPLIST_KEY_UIApplicationSceneManifest_Generation = YES;
				INFOPLIST_KEY_UIApplicationSupportsIndirectInputEvents = YES;
				INFOPLIST_KEY_UILaunchScreen_Generation = YES;
				INFOPLIST_KEY_UISupportedInterfaceOrientations = "UIInterfaceOrientationPortrait UIInterfaceOrientationLandscapeLeft UIInterfaceOrientationLandscapeRight";
				INFOPLIST_KEY_UISupportedInterfaceOrientations_iPad = "UIInterfaceOrientationPortrait UIInterfaceOrientationPortraitUpsideDown UIInterfaceOrientationLandscapeLeft UIInterfaceOrientationLandscapeRight";
				IPHONEOS_DEPLOYMENT_TARGET = 17.0;
				LD_RUNPATH_SEARCH_PATHS = (
					"$(inherited)",
					"@executable_path/Frameworks",
				);
				MARKETING_VERSION = 1.0;
				PRODUCT_BUNDLE_IDENTIFIER = com.carbocation.CLLMCalgacusIOS;
				PRODUCT_NAME = "$(TARGET_NAME)";
				SUPPORTED_PLATFORMS = "iphoneos iphonesimulator";
				SUPPORTS_MACCATALYST = NO;
				SWIFT_EMIT_LOC_STRINGS = YES;
				SWIFT_VERSION = 5.0;
				TARGETED_DEVICE_FAMILY = "1,2";
			};
			name = Debug;
		};
		CLLM100000000000000000006210 /* Release */ = {
			isa = XCBuildConfiguration;
			buildSettings = {
				CODE_SIGN_ENTITLEMENTS = CLLMCalgacusIOS.entitlements;
				CODE_SIGN_STYLE = Automatic;
				CURRENT_PROJECT_VERSION = 1;
				DEVELOPMENT_TEAM = YTU97Z787R;
				GENERATE_INFOPLIST_FILE = YES;
				INFOPLIST_KEY_CFBundleDisplayName = CLLMCalgacusIOS;
				INFOPLIST_KEY_LSApplicationCategoryType = "public.app-category.developer-tools";
				INFOPLIST_KEY_UIApplicationSceneManifest_Generation = YES;
				INFOPLIST_KEY_UIApplicationSupportsIndirectInputEvents = YES;
				INFOPLIST_KEY_UILaunchScreen_Generation = YES;
				INFOPLIST_KEY_UISupportedInterfaceOrientations = "UIInterfaceOrientationPortrait UIInterfaceOrientationLandscapeLeft UIInterfaceOrientationLandscapeRight";
				INFOPLIST_KEY_UISupportedInterfaceOrientations_iPad = "UIInterfaceOrientationPortrait UIInterfaceOrientationPortraitUpsideDown UIInterfaceOrientationLandscapeLeft UIInterfaceOrientationLandscapeRight";
				IPHONEOS_DEPLOYMENT_TARGET = 17.0;
				LD_RUNPATH_SEARCH_PATHS = (
					"$(inherited)",
					"@executable_path/Frameworks",
				);
				MARKETING_VERSION = 1.0;
				PRODUCT_BUNDLE_IDENTIFIER = com.carbocation.CLLMCalgacusIOS;
				PRODUCT_NAME = "$(TARGET_NAME)";
				SUPPORTED_PLATFORMS = "iphoneos iphonesimulator";
				SUPPORTS_MACCATALYST = NO;
				SWIFT_EMIT_LOC_STRINGS = YES;
				SWIFT_VERSION = 5.0;
				TARGETED_DEVICE_FAMILY = "1,2";
			};
			name = Release;
		};
		CLLM100000000000000000006211 /* Debug */ = {
			isa = XCBuildConfiguration;
			buildSettings = {
				AUTOMATION_APPLE_EVENTS = NO;
				CODE_SIGN_ENTITLEMENTS = CLLMCalgacusMac.entitlements;
				CODE_SIGN_IDENTITY = "-";
				"CODE_SIGN_IDENTITY[sdk=macosx*]" = "Apple Development";
				CODE_SIGN_STYLE = Automatic;
				CURRENT_PROJECT_VERSION = 1;
				DEVELOPMENT_TEAM = YTU97Z787R;
				ENABLE_HARDENED_RUNTIME = YES;
				ENABLE_RESOURCE_ACCESS_AUDIO_INPUT = NO;
				ENABLE_RESOURCE_ACCESS_CALENDARS = NO;
				ENABLE_RESOURCE_ACCESS_CAMERA = NO;
				ENABLE_RESOURCE_ACCESS_CONTACTS = NO;
				ENABLE_RESOURCE_ACCESS_LOCATION = NO;
				ENABLE_RESOURCE_ACCESS_PHOTO_LIBRARY = NO;
				GENERATE_INFOPLIST_FILE = YES;
				INFOPLIST_KEY_CFBundleDisplayName = CLLMCalgacusMac;
				INFOPLIST_KEY_LSApplicationCategoryType = "public.app-category.developer-tools";
				INFOPLIST_KEY_NSPrincipalClass = NSApplication;
				LD_RUNPATH_SEARCH_PATHS = (
					"$(inherited)",
					"@executable_path/../Frameworks",
				);
				MACOSX_DEPLOYMENT_TARGET = 14.0;
				MARKETING_VERSION = 1.0;
				PRODUCT_BUNDLE_IDENTIFIER = com.carbocation.CLLMCalgacusMac;
				PRODUCT_NAME = "$(TARGET_NAME)";
				REGISTER_APP_GROUPS = YES;
				RUNTIME_EXCEPTION_ALLOW_DYLD_ENVIRONMENT_VARIABLES = NO;
				RUNTIME_EXCEPTION_ALLOW_JIT = NO;
				RUNTIME_EXCEPTION_ALLOW_UNSIGNED_EXECUTABLE_MEMORY = NO;
				RUNTIME_EXCEPTION_DEBUGGING_TOOL = NO;
				RUNTIME_EXCEPTION_DISABLE_EXECUTABLE_PAGE_PROTECTION = NO;
				RUNTIME_EXCEPTION_DISABLE_LIBRARY_VALIDATION = NO;
				SDKROOT = macosx;
				SUPPORTED_PLATFORMS = macosx;
				SWIFT_EMIT_LOC_STRINGS = YES;
				SWIFT_VERSION = 5.0;
			};
			name = Debug;
		};
		CLLM100000000000000000006212 /* Release */ = {
			isa = XCBuildConfiguration;
			buildSettings = {
				AUTOMATION_APPLE_EVENTS = NO;
				CODE_SIGN_ENTITLEMENTS = CLLMCalgacusMac.entitlements;
				CODE_SIGN_IDENTITY = "-";
				"CODE_SIGN_IDENTITY[sdk=macosx*]" = "Apple Development";
				CODE_SIGN_STYLE = Automatic;
				CURRENT_PROJECT_VERSION = 1;
				DEVELOPMENT_TEAM = YTU97Z787R;
				ENABLE_HARDENED_RUNTIME = YES;
				ENABLE_RESOURCE_ACCESS_AUDIO_INPUT = NO;
				ENABLE_RESOURCE_ACCESS_CALENDARS = NO;
				ENABLE_RESOURCE_ACCESS_CAMERA = NO;
				ENABLE_RESOURCE_ACCESS_CONTACTS = NO;
				ENABLE_RESOURCE_ACCESS_LOCATION = NO;
				ENABLE_RESOURCE_ACCESS_PHOTO_LIBRARY = NO;
				GENERATE_INFOPLIST_FILE = YES;
				INFOPLIST_KEY_CFBundleDisplayName = CLLMCalgacusMac;
				INFOPLIST_KEY_LSApplicationCategoryType = "public.app-category.developer-tools";
				INFOPLIST_KEY_NSPrincipalClass = NSApplication;
				LD_RUNPATH_SEARCH_PATHS = (
					"$(inherited)",
					"@executable_path/../Frameworks",
				);
				MACOSX_DEPLOYMENT_TARGET = 14.0;
				MARKETING_VERSION = 1.0;
				PRODUCT_BUNDLE_IDENTIFIER = com.carbocation.CLLMCalgacusMac;
				PRODUCT_NAME = "$(TARGET_NAME)";
				REGISTER_APP_GROUPS = YES;
				RUNTIME_EXCEPTION_ALLOW_DYLD_ENVIRONMENT_VARIABLES = NO;
				RUNTIME_EXCEPTION_ALLOW_JIT = NO;
				RUNTIME_EXCEPTION_ALLOW_UNSIGNED_EXECUTABLE_MEMORY = NO;
				RUNTIME_EXCEPTION_DEBUGGING_TOOL = NO;
				RUNTIME_EXCEPTION_DISABLE_EXECUTABLE_PAGE_PROTECTION = NO;
				RUNTIME_EXCEPTION_DISABLE_LIBRARY_VALIDATION = NO;
				SDKROOT = macosx;
				SUPPORTED_PLATFORMS = macosx;
				SWIFT_EMIT_LOC_STRINGS = YES;
				SWIFT_VERSION = 5.0;
			};
			name = Release;
		};
/* End XCBuildConfiguration section */

/* Begin XCConfigurationList section */
		CLLM100000000000000000006001 /* Build configuration list for PBXProject "Apps" */ = {
			isa = XCConfigurationList;
			buildConfigurations = (
				CLLM100000000000000000006101 /* Debug */,
				CLLM100000000000000000006102 /* Release */,
			);
			defaultConfigurationIsVisible = 0;
			defaultConfigurationName = Release;
		};
		CLLM100000000000000000006003 /* Build configuration list for PBXNativeTarget "CLLMSmokeIOS" */ = {
			isa = XCConfigurationList;
			buildConfigurations = (
				CLLM100000000000000000006201 /* Debug */,
				CLLM100000000000000000006202 /* Release */,
			);
			defaultConfigurationIsVisible = 0;
			defaultConfigurationName = Release;
		};
		CLLM100000000000000000006004 /* Build configuration list for PBXNativeTarget "CLLMSmokeMac" */ = {
			isa = XCConfigurationList;
			buildConfigurations = (
				CLLM100000000000000000006203 /* Debug */,
				CLLM100000000000000000006204 /* Release */,
			);
			defaultConfigurationIsVisible = 0;
			defaultConfigurationName = Release;
		};
		CLLM100000000000000000006005 /* Build configuration list for PBXNativeTarget "CLLMDemoIOS" */ = {
			isa = XCConfigurationList;
			buildConfigurations = (
				CLLM100000000000000000006205 /* Debug */,
				CLLM100000000000000000006206 /* Release */,
			);
			defaultConfigurationIsVisible = 0;
			defaultConfigurationName = Release;
		};
		CLLM100000000000000000006006 /* Build configuration list for PBXNativeTarget "CLLMDemoMac" */ = {
			isa = XCConfigurationList;
			buildConfigurations = (
				CLLM100000000000000000006207 /* Debug */,
				CLLM100000000000000000006208 /* Release */,
			);
			defaultConfigurationIsVisible = 0;
			defaultConfigurationName = Release;
		};
		CLLM100000000000000000006007 /* Build configuration list for PBXNativeTarget "CLLMCalgacusIOS" */ = {
			isa = XCConfigurationList;
			buildConfigurations = (
				CLLM100000000000000000006209 /* Debug */,
				CLLM100000000000000000006210 /* Release */,
			);
			defaultConfigurationIsVisible = 0;
			defaultConfigurationName = Release;
		};
		CLLM100000000000000000006008 /* Build configuration list for PBXNativeTarget "CLLMCalgacusMac" */ = {
			isa = XCConfigurationList;
			buildConfigurations = (
				CLLM100000000000000000006211 /* Debug */,
				CLLM100000000000000000006212 /* Release */,
			);
			defaultConfigurationIsVisible = 0;
			defaultConfigurationName = Release;
		};
/* End XCConfigurationList section */

/* Begin XCLocalSwiftPackageReference section */
		CLLM100000000000000000009001 /* XCLocalSwiftPackageReference "." */ = {
			isa = XCLocalSwiftPackageReference;
			relativePath = .;
		};
/* End XCLocalSwiftPackageReference section */

/* Begin XCSwiftPackageProductDependency section */
		CLLM100000000000000000007001 /* CarbocationLocalLLM */ = {
			isa = XCSwiftPackageProductDependency;
			package = CLLM100000000000000000009001 /* XCLocalSwiftPackageReference "." */;
			productName = CarbocationLocalLLM;
		};
		CLLM100000000000000000007002 /* CarbocationLocalLLMRuntime */ = {
			isa = XCSwiftPackageProductDependency;
			package = CLLM100000000000000000009001 /* XCLocalSwiftPackageReference "." */;
			productName = CarbocationLocalLLMRuntime;
		};
		CLLM100000000000000000007003 /* CarbocationLocalLLMUI */ = {
			isa = XCSwiftPackageProductDependency;
			package = CLLM100000000000000000009001 /* XCLocalSwiftPackageReference "." */;
			productName = CarbocationLocalLLMUI;
		};
		CLLM100000000000000000007004 /* CarbocationLlamaRuntime */ = {
			isa = XCSwiftPackageProductDependency;
			package = CLLM100000000000000000009001 /* XCLocalSwiftPackageReference "." */;
			productName = CarbocationLlamaRuntime;
		};
/* End XCSwiftPackageProductDependency section */
	};
	rootObject = CLLM100000000000000000008001 /* Project object */;
}
